
Microsoft Visual Studio Solution File, Format Version 12.00
# Visual Studio Version 17
VisualStudioVersion = 17.10.34928.147
MinimumVisualStudioVersion = 10.0.40219.1
Project("{FAE04EC0-301F-11D3-BF4B-00C04F79EFBC}") = "RabbitMQ_Test", "RabbitMQ_Test\RabbitMQ_Test.csproj", "{3D6D4941-5078-4530-869B-C467372558A8}"
EndProject
Project("{FAE04EC0-301F-11D3-BF4B-00C04F79EFBC}") = "MessageReceive", "MessageReceive\MessageReceive.csproj", "{F3D98CD8-3575-48BC-B9FF-CFBBAC9852F4}"
EndProject
Project("{FAE04EC0-301F-11D3-BF4B-00C04F79EFBC}") = "MessageSend", "MessageSend\MessageSend.csproj", "{3E24EB9B-C1DC-4A26-AE92-9C76E4E9EA60}"
EndProject
Global
	GlobalSection(SolutionConfigurationPlatforms) = preSolution
		Debug|Any CPU = Debug|Any CPU
		Release|Any CPU = Release|Any CPU
	EndGlobalSection
	GlobalSection(ProjectConfigurationPlatforms) = postSolution
		{3D6D4941-5078-4530-869B-C467372558A8}.Debug|Any CPU.ActiveCfg = Debug|Any CPU
		{3D6D4941-5078-4530-869B-C467372558A8}.Debug|Any CPU.Build.0 = Debug|Any CPU
		{3D6D4941-5078-4530-869B-C467372558A8}.Release|Any CPU.ActiveCfg = Release|Any CPU
		{3D6D4941-5078-4530-869B-C467372558A8}.Release|Any CPU.Build.0 = Release|Any CPU
		{F3D98CD8-3575-48BC-B9FF-CFBBAC9852F4}.Debug|Any CPU.ActiveCfg = Debug|Any CPU
		{F3D98CD8-3575-48BC-B9FF-CFBBAC9852F4}.Debug|Any CPU.Build.0 = Debug|Any CPU
		{F3D98CD8-3575-48BC-B9FF-CFBBAC9852F4}.Release|Any CPU.ActiveCfg = Release|Any CPU
		{F3D98CD8-3575-48BC-B9FF-CFBBAC9852F4}.Release|Any CPU.Build.0 = Release|Any CPU
		{3E24EB9B-C1DC-4A26-AE92-9C76E4E9EA60}.Debug|Any CPU.ActiveCfg = Debug|Any CPU
		{3E24EB9B-C1DC-4A26-AE92-9C76E4E9EA60}.Debug|Any CPU.Build.0 = Debug|Any CPU
		{3E24EB9B-C1DC-4A26-AE92-9C76E4E9EA60}.Release|Any CPU.ActiveCfg = Release|Any CPU
		{3E24EB9B-C1DC-4A26-AE92-9C76E4E9EA60}.Release|Any CPU.Build.0 = Release|Any CPU
	EndGlobalSection
	GlobalSection(SolutionProperties) = preSolution
		HideSolutionNode = FALSE
	EndGlobalSection
	GlobalSection(ExtensibilityGlobals) = postSolution
		SolutionGuid = {6F1920F0-7392-4CA2-A236-233C6B5B4DD8}
	EndGlobalSection
EndGlobal
